version: 2.0
shards:
  ameba:
    git: https://github.com/crystal-ameba/ameba.git
    version: 1.6.1

  cling:
    git: https://github.com/devnote-dev/cling.git
    version: 3.0.0+git.commit.b833b59c2ea54744a6e90078cdd0e04c7cf55b43

  crest:
    git: https://github.com/mamantoha/crest.git
    version: 1.4.1

  fzy:
    git: https://github.com/hugopl/fzy.git
    version: 0.5.5

  http-client-digest_auth:
    git: https://github.com/mamantoha/http-client-digest_auth.git
    version: 0.6.0

  http_proxy:
    git: https://github.com/mamantoha/http_proxy.git
    version: 0.12.0

  markd:
    git: https://github.com/icyleaf/markd.git
    version: 0.5.0

  redoc:
    git: https://github.com/devnote-dev/redoc.git
    version: 0.1.0+git.commit.0143fcdc83f8459028a4b0ccdffc323fe1bdeaef

