version: 2.0
shards:
  baked_file_system:
    git: https://github.com/ralsina/baked_file_system.git
    version: 0.10.0+git.commit.beb373124c7a235cfb9cd94e36849d8168eaa04b

  base58:
    git: https://github.com/crystal-china/base58.cr.git
    version: 0.1.0+git.commit.2b0564a975171f4507c33251e0c0ab7990459e23

  cling:
    git: https://github.com/devnote-dev/cling.git
    version: 3.0.0+git.commit.3cd8b0baebb4b887b48a374f7e3f0887699fa4e5

  crest:
    git: https://github.com/mamantoha/crest.git
    version: 1.4.1

  docopt:
    git: https://github.com/chenkovsky/docopt.cr.git
    version: 0.2.0+git.commit.620fce4f334ff15d7321e5ecb6665ad258fe9297

  fzy:
    git: https://github.com/hugopl/fzy.git
    version: 0.5.5

  http-client-digest_auth:
    git: https://github.com/mamantoha/http-client-digest_auth.git
    version: 0.6.0

  http_proxy:
    git: https://github.com/mamantoha/http_proxy.git
    version: 0.12.0

  markd:
    git: https://github.com/icyleaf/markd.git
    version: 0.5.0

  pcf-parser:
    git: https://github.com/l3kn/pcf-parser.git
    version: 0.1.1

  redoc:
    git: https://github.com/devnote-dev/redoc.git
    version: 0.1.0+git.commit.7160bfdcbebd96c56448a68ff27c5fdf0e2f3226

  sixteen:
    git: https://github.com/ralsina/sixteen.git
    version: 0.4.2

  stumpy_core:
    git: https://github.com/stumpycr/stumpy_core.git
    version: 1.9.1

  stumpy_png:
    git: https://github.com/stumpycr/stumpy_png.git
    version: 5.0.1

  stumpy_utils:
    git: https://github.com/stumpycr/stumpy_utils.git
    version: 0.5.1

  tartrazine:
    git: https://github.com/ralsina/tartrazine.git
    version: 0.11.1

